{
  "name": "lapr5-g025",
  "lockfileVersion": 2,
  "requires": true,
  "packages": {
    "": {
      "dependencies": {
        "dat-gui": "^0.5.0"
      }
    },
    "node_modules/dat-gui": {
      "version": "0.5.0",
      "resolved": "https://registry.npmjs.org/dat-gui/-/dat-gui-0.5.0.tgz",
      "integrity": "sha1-EhLag2EJdH0KwiC617B8F9qgNYM=",
      "deprecated": "Use the official dat.gui: https://www.npmjs.com/package/dat.gui",
      "engines": {
        "node": ">= 0.8.0"
      }
    }
  },
  "dependencies": {
    "dat-gui": {
      "version": "0.5.0",
      "resolved": "https://registry.npmjs.org/dat-gui/-/dat-gui-0.5.0.tgz",
      "integrity": "sha1-EhLag2EJdH0KwiC617B8F9qgNYM="
    }
  }
}
